
Microsoft Visual Studio Solution File, Format Version 12.00
# Visual Studio Version 16
VisualStudioVersion = 16.0.31911.196
MinimumVisualStudioVersion = 10.0.40219.1
Project("{888888A0-9F3D-457C-B088-3A5042F75D52}") = "ImageToSketchConverter", "ImageToSketchConverter\ImageToSketchConverter.pyproj", "{2BB55CEC-C90C-4DEA-9114-66C10BA4ED3B}"
EndProject
Global
	GlobalSection(SolutionConfigurationPlatforms) = preSolution
		Debug|Any CPU = Debug|Any CPU
		Release|Any CPU = Release|Any CPU
	EndGlobalSection
	GlobalSection(ProjectConfigurationPlatforms) = postSolution
		{2BB55CEC-C90C-4DEA-9114-66C10BA4ED3B}.Debug|Any CPU.ActiveCfg = Debug|Any CPU
		{2BB55CEC-C90C-4DEA-9114-66C10BA4ED3B}.Release|Any CPU.ActiveCfg = Release|Any CPU
	EndGlobalSection
	GlobalSection(SolutionProperties) = preSolution
		HideSolutionNode = FALSE
	EndGlobalSection
	GlobalSection(ExtensibilityGlobals) = postSolution
		SolutionGuid = {09B5E23A-EB19-4437-8793-14FA7BD21D0B}
	EndGlobalSection
EndGlobal
